
Microsoft Visual Studio Solution File, Format Version 12.00
Project("{FAE04EC0-301F-11D3-BF4B-00C04F79EFBC}") = "Weather", "Weather\Weather.csproj", "{281EB5D6-855E-4521-9DF1-BC19FF88F135}"
EndProject
Global
	GlobalSection(SolutionConfigurationPlatforms) = preSolution
		Debug|Any CPU = Debug|Any CPU
		Release|Any CPU = Release|Any CPU
	EndGlobalSection
	GlobalSection(ProjectConfigurationPlatforms) = postSolution
		{281EB5D6-855E-4521-9DF1-BC19FF88F135}.Debug|Any CPU.ActiveCfg = Debug|Any CPU
		{281EB5D6-855E-4521-9DF1-BC19FF88F135}.Debug|Any CPU.Build.0 = Debug|Any CPU
		{281EB5D6-855E-4521-9DF1-BC19FF88F135}.Release|Any CPU.ActiveCfg = Release|Any CPU
		{281EB5D6-855E-4521-9DF1-BC19FF88F135}.Release|Any CPU.Build.0 = Release|Any CPU
	EndGlobalSection
EndGlobal
